
Microsoft Visual Studio Solution File, Format Version 12.00
Project("{FAE04EC0-301F-11D3-BF4B-00C04F79EFBC}") = "steam_appid_gen", "steam_appid_gen\steam_appid_gen.csproj", "{DFCDD64E-5EE3-4165-9876-7E6DC2A69BBD}"
EndProject
Global
	GlobalSection(SolutionConfigurationPlatforms) = preSolution
		Debug|Any CPU = Debug|Any CPU
		Release|Any CPU = Release|Any CPU
	EndGlobalSection
	GlobalSection(ProjectConfigurationPlatforms) = postSolution
		{DFCDD64E-5EE3-4165-9876-7E6DC2A69BBD}.Debug|Any CPU.ActiveCfg = Debug|Any CPU
		{DFCDD64E-5EE3-4165-9876-7E6DC2A69BBD}.Debug|Any CPU.Build.0 = Debug|Any CPU
		{DFCDD64E-5EE3-4165-9876-7E6DC2A69BBD}.Release|Any CPU.ActiveCfg = Release|Any CPU
		{DFCDD64E-5EE3-4165-9876-7E6DC2A69BBD}.Release|Any CPU.Build.0 = Release|Any CPU
	EndGlobalSection
EndGlobal
